
Microsoft Visual Studio Solution File, Format Version 12.00
# Visual Studio Version 17
VisualStudioVersion = 17.10.35122.118
MinimumVisualStudioVersion = 10.0.40219.1
Project("{FAE04EC0-301F-11D3-BF4B-00C04F79EFBC}") = "Lists1Practice", "Lists1Practice.csproj", "{43DC6EFE-ED75-44C3-AA6B-88F662E5CF1E}"
EndProject
Global
	GlobalSection(SolutionConfigurationPlatforms) = preSolution
		Debug|Any CPU = Debug|Any CPU
		Release|Any CPU = Release|Any CPU
	EndGlobalSection
	GlobalSection(ProjectConfigurationPlatforms) = postSolution
		{43DC6EFE-ED75-44C3-AA6B-88F662E5CF1E}.Debug|Any CPU.ActiveCfg = Debug|Any CPU
		{43DC6EFE-ED75-44C3-AA6B-88F662E5CF1E}.Debug|Any CPU.Build.0 = Debug|Any CPU
		{43DC6EFE-ED75-44C3-AA6B-88F662E5CF1E}.Release|Any CPU.ActiveCfg = Release|Any CPU
		{43DC6EFE-ED75-44C3-AA6B-88F662E5CF1E}.Release|Any CPU.Build.0 = Release|Any CPU
	EndGlobalSection
	GlobalSection(SolutionProperties) = preSolution
		HideSolutionNode = FALSE
	EndGlobalSection
	GlobalSection(ExtensibilityGlobals) = postSolution
		SolutionGuid = {D0B7101F-5E91-4EF9-909F-3492114358FC}
	EndGlobalSection
EndGlobal
